
Microsoft Visual Studio Solution File, Format Version 12.00
# Visual Studio Version 16
VisualStudioVersion = 16.0.29409.12
MinimumVisualStudioVersion = 10.0.40219.1
Project("{9A19103F-16F7-4668-BE54-9A1E7A4F7556}") = "TrafficBr", "TrafficBr.csproj", "{1861EB2F-AAB1-492E-AAEC-2F2404694E31}"
EndProject
Global
	GlobalSection(SolutionConfigurationPlatforms) = preSolution
		Debug|Any CPU = Debug|Any CPU
		Release|Any CPU = Release|Any CPU
	EndGlobalSection
	GlobalSection(ProjectConfigurationPlatforms) = postSolution
		{1861EB2F-AAB1-492E-AAEC-2F2404694E31}.Debug|Any CPU.ActiveCfg = Debug|Any CPU
		{1861EB2F-AAB1-492E-AAEC-2F2404694E31}.Debug|Any CPU.Build.0 = Debug|Any CPU
		{1861EB2F-AAB1-492E-AAEC-2F2404694E31}.Release|Any CPU.ActiveCfg = Release|Any CPU
		{1861EB2F-AAB1-492E-AAEC-2F2404694E31}.Release|Any CPU.Build.0 = Release|Any CPU
	EndGlobalSection
	GlobalSection(SolutionProperties) = preSolution
		HideSolutionNode = FALSE
	EndGlobalSection
	GlobalSection(ExtensibilityGlobals) = postSolution
		SolutionGuid = {FC96A7A0-6DEA-41BA-9982-B853D6D67D86}
	EndGlobalSection
EndGlobal
